
Microsoft Visual Studio Solution File, Format Version 12.00
# Visual Studio Version 16
VisualStudioVersion = 16.0.30804.86
MinimumVisualStudioVersion = 10.0.40219.1
Project("{FAE04EC0-301F-11D3-BF4B-00C04F79EFBC}") = "WebApplication1", "WebApplication1\WebApplication1.csproj", "{B3FAD212-AF59-471D-B44A-4639E14B6188}"
EndProject
Global
	GlobalSection(SolutionConfigurationPlatforms) = preSolution
		Debug|Any CPU = Debug|Any CPU
		Release|Any CPU = Release|Any CPU
	EndGlobalSection
	GlobalSection(ProjectConfigurationPlatforms) = postSolution
		{B3FAD212-AF59-471D-B44A-4639E14B6188}.Debug|Any CPU.ActiveCfg = Debug|Any CPU
		{B3FAD212-AF59-471D-B44A-4639E14B6188}.Debug|Any CPU.Build.0 = Debug|Any CPU
		{B3FAD212-AF59-471D-B44A-4639E14B6188}.Release|Any CPU.ActiveCfg = Release|Any CPU
		{B3FAD212-AF59-471D-B44A-4639E14B6188}.Release|Any CPU.Build.0 = Release|Any CPU
	EndGlobalSection
	GlobalSection(SolutionProperties) = preSolution
		HideSolutionNode = FALSE
	EndGlobalSection
	GlobalSection(ExtensibilityGlobals) = postSolution
		SolutionGuid = {E84DD1E2-D35C-4A4D-86FF-B4984621387E}
	EndGlobalSection
EndGlobal
